
Microsoft Visual Studio Solution File, Format Version 12.00
# Visual Studio Version 17
VisualStudioVersion = 17.7.34202.233
MinimumVisualStudioVersion = 10.0.40219.1
Project("{9A19103F-16F7-4668-BE54-9A1E7A4F7556}") = "Discoteque.API", "Discoteque.API\Discoteque.API.csproj", "{ABC0905F-10B3-47C0-8A55-631E77CA7047}"
EndProject
Project("{9A19103F-16F7-4668-BE54-9A1E7A4F7556}") = "Discoteque.Domain", "Discoteque.Domain\Discoteque.Domain.csproj", "{40FB0825-4907-403F-BBE3-147AC1620E47}"
EndProject
Project("{FAE04EC0-301F-11D3-BF4B-00C04F79EFBC}") = "Discoteque.Application", "Discoteque.Application\Discoteque.Application.csproj", "{46E2D152-6D87-4132-B8C8-B4336D2AE71C}"
EndProject
Global
	GlobalSection(SolutionConfigurationPlatforms) = preSolution
		Debug|Any CPU = Debug|Any CPU
		Release|Any CPU = Release|Any CPU
	EndGlobalSection
	GlobalSection(ProjectConfigurationPlatforms) = postSolution
		{ABC0905F-10B3-47C0-8A55-631E77CA7047}.Debug|Any CPU.ActiveCfg = Debug|Any CPU
		{ABC0905F-10B3-47C0-8A55-631E77CA7047}.Debug|Any CPU.Build.0 = Debug|Any CPU
		{ABC0905F-10B3-47C0-8A55-631E77CA7047}.Release|Any CPU.ActiveCfg = Release|Any CPU
		{ABC0905F-10B3-47C0-8A55-631E77CA7047}.Release|Any CPU.Build.0 = Release|Any CPU
		{40FB0825-4907-403F-BBE3-147AC1620E47}.Debug|Any CPU.ActiveCfg = Debug|Any CPU
		{40FB0825-4907-403F-BBE3-147AC1620E47}.Debug|Any CPU.Build.0 = Debug|Any CPU
		{40FB0825-4907-403F-BBE3-147AC1620E47}.Release|Any CPU.ActiveCfg = Release|Any CPU
		{40FB0825-4907-403F-BBE3-147AC1620E47}.Release|Any CPU.Build.0 = Release|Any CPU
		{46E2D152-6D87-4132-B8C8-B4336D2AE71C}.Debug|Any CPU.ActiveCfg = Debug|Any CPU
		{46E2D152-6D87-4132-B8C8-B4336D2AE71C}.Debug|Any CPU.Build.0 = Debug|Any CPU
		{46E2D152-6D87-4132-B8C8-B4336D2AE71C}.Release|Any CPU.ActiveCfg = Release|Any CPU
		{46E2D152-6D87-4132-B8C8-B4336D2AE71C}.Release|Any CPU.Build.0 = Release|Any CPU
	EndGlobalSection
	GlobalSection(SolutionProperties) = preSolution
		HideSolutionNode = FALSE
	EndGlobalSection
	GlobalSection(ExtensibilityGlobals) = postSolution
		SolutionGuid = {35B2DC81-5335-4012-B0DF-94818AC506ED}
	EndGlobalSection
EndGlobal
